
Microsoft Visual Studio Solution File, Format Version 12.00
# Visual Studio Version 16
VisualStudioVersion = 16.0.29709.97
MinimumVisualStudioVersion = 10.0.40219.1
Project("{FAE04EC0-301F-11D3-BF4B-00C04F79EFBC}") = "INF164Prac01(u20447613)", "INF164Prac01(u20447613)\INF164Prac01(u20447613).csproj", "{C1353ADA-1F26-4202-870C-4E00F29F911B}"
EndProject
Global
	GlobalSection(SolutionConfigurationPlatforms) = preSolution
		Debug|Any CPU = Debug|Any CPU
		Release|Any CPU = Release|Any CPU
	EndGlobalSection
	GlobalSection(ProjectConfigurationPlatforms) = postSolution
		{C1353ADA-1F26-4202-870C-4E00F29F911B}.Debug|Any CPU.ActiveCfg = Debug|Any CPU
		{C1353ADA-1F26-4202-870C-4E00F29F911B}.Debug|Any CPU.Build.0 = Debug|Any CPU
		{C1353ADA-1F26-4202-870C-4E00F29F911B}.Release|Any CPU.ActiveCfg = Release|Any CPU
		{C1353ADA-1F26-4202-870C-4E00F29F911B}.Release|Any CPU.Build.0 = Release|Any CPU
	EndGlobalSection
	GlobalSection(SolutionProperties) = preSolution
		HideSolutionNode = FALSE
	EndGlobalSection
	GlobalSection(ExtensibilityGlobals) = postSolution
		SolutionGuid = {1B53BBF4-1A8F-4DE4-A993-23A6C199CF8B}
	EndGlobalSection
EndGlobal
