
Microsoft Visual Studio Solution File, Format Version 12.00
# Visual Studio Version 16
VisualStudioVersion = 16.0.30330.147
MinimumVisualStudioVersion = 10.0.40219.1
Project("{FAE04EC0-301F-11D3-BF4B-00C04F79EFBC}") = "INF164Prac02Exercise2-TicTacToe(u20447613)", "INF164Prac02Exercise2-TicTacToe(u20447613)\INF164Prac02Exercise2-TicTacToe(u20447613).csproj", "{CE9632B2-7A68-4AF8-A2FD-FF4CAF54A66D}"
EndProject
Global
	GlobalSection(SolutionConfigurationPlatforms) = preSolution
		Debug|Any CPU = Debug|Any CPU
		Release|Any CPU = Release|Any CPU
	EndGlobalSection
	GlobalSection(ProjectConfigurationPlatforms) = postSolution
		{CE9632B2-7A68-4AF8-A2FD-FF4CAF54A66D}.Debug|Any CPU.ActiveCfg = Debug|Any CPU
		{CE9632B2-7A68-4AF8-A2FD-FF4CAF54A66D}.Debug|Any CPU.Build.0 = Debug|Any CPU
		{CE9632B2-7A68-4AF8-A2FD-FF4CAF54A66D}.Release|Any CPU.ActiveCfg = Release|Any CPU
		{CE9632B2-7A68-4AF8-A2FD-FF4CAF54A66D}.Release|Any CPU.Build.0 = Release|Any CPU
	EndGlobalSection
	GlobalSection(SolutionProperties) = preSolution
		HideSolutionNode = FALSE
	EndGlobalSection
	GlobalSection(ExtensibilityGlobals) = postSolution
		SolutionGuid = {38DC035E-7299-47EA-A511-F627387F1518}
	EndGlobalSection
EndGlobal
