
Microsoft Visual Studio Solution File, Format Version 12.00
# Visual Studio Version 16
VisualStudioVersion = 16.0.29709.97
MinimumVisualStudioVersion = 10.0.40219.1
Project("{FAE04EC0-301F-11D3-BF4B-00C04F79EFBC}") = "INF164Prac06(u20447613)", "INF164Prac06(u20447613)\INF164Prac06(u20447613).csproj", "{874FECBA-5ED5-4BC3-A0C7-529938CB144A}"
EndProject
Global
	GlobalSection(SolutionConfigurationPlatforms) = preSolution
		Debug|Any CPU = Debug|Any CPU
		Release|Any CPU = Release|Any CPU
	EndGlobalSection
	GlobalSection(ProjectConfigurationPlatforms) = postSolution
		{874FECBA-5ED5-4BC3-A0C7-529938CB144A}.Debug|Any CPU.ActiveCfg = Debug|Any CPU
		{874FECBA-5ED5-4BC3-A0C7-529938CB144A}.Debug|Any CPU.Build.0 = Debug|Any CPU
		{874FECBA-5ED5-4BC3-A0C7-529938CB144A}.Release|Any CPU.ActiveCfg = Release|Any CPU
		{874FECBA-5ED5-4BC3-A0C7-529938CB144A}.Release|Any CPU.Build.0 = Release|Any CPU
	EndGlobalSection
	GlobalSection(SolutionProperties) = preSolution
		HideSolutionNode = FALSE
	EndGlobalSection
	GlobalSection(ExtensibilityGlobals) = postSolution
		SolutionGuid = {6C6B0E10-6376-4660-BB5E-4AFFC0C8CE9A}
	EndGlobalSection
EndGlobal
