
Microsoft Visual Studio Solution File, Format Version 12.00
# Visual Studio Version 16
VisualStudioVersion = 16.0.29709.97
MinimumVisualStudioVersion = 10.0.40219.1
Project("{FAE04EC0-301F-11D3-BF4B-00C04F79EFBC}") = "u20447613ClassTest2", "u20447613ClassTest2\u20447613ClassTest2.csproj", "{7D90F321-8DFB-423E-8C43-45CC308CEE35}"
EndProject
Global
	GlobalSection(SolutionConfigurationPlatforms) = preSolution
		Debug|Any CPU = Debug|Any CPU
		Release|Any CPU = Release|Any CPU
	EndGlobalSection
	GlobalSection(ProjectConfigurationPlatforms) = postSolution
		{7D90F321-8DFB-423E-8C43-45CC308CEE35}.Debug|Any CPU.ActiveCfg = Debug|Any CPU
		{7D90F321-8DFB-423E-8C43-45CC308CEE35}.Debug|Any CPU.Build.0 = Debug|Any CPU
		{7D90F321-8DFB-423E-8C43-45CC308CEE35}.Release|Any CPU.ActiveCfg = Release|Any CPU
		{7D90F321-8DFB-423E-8C43-45CC308CEE35}.Release|Any CPU.Build.0 = Release|Any CPU
	EndGlobalSection
	GlobalSection(SolutionProperties) = preSolution
		HideSolutionNode = FALSE
	EndGlobalSection
	GlobalSection(ExtensibilityGlobals) = postSolution
		SolutionGuid = {074268F4-63BF-4F42-A0EA-1C2E95DB2B1F}
	EndGlobalSection
EndGlobal
